
Microsoft Visual Studio Solution File, Format Version 12.00
# Visual Studio 15
VisualStudioVersion = 15.0.27130.2027
MinimumVisualStudioVersion = 10.0.40219.1
Project("{FAE04EC0-301F-11D3-BF4B-00C04F79EFBC}") = "Codility", "Codility\Codility.csproj", "{AA908A61-4EDC-4FEA-B70C-EFCF62D6C932}"
EndProject
Project("{FAE04EC0-301F-11D3-BF4B-00C04F79EFBC}") = "CodilityTests", "CodilityTests\CodilityTests.csproj", "{3428144A-10B9-4FB7-83E9-BE323A9D2679}"
EndProject
Global
	GlobalSection(SolutionConfigurationPlatforms) = preSolution
		Debug|Any CPU = Debug|Any CPU
		Release|Any CPU = Release|Any CPU
	EndGlobalSection
	GlobalSection(ProjectConfigurationPlatforms) = postSolution
		{AA908A61-4EDC-4FEA-B70C-EFCF62D6C932}.Debug|Any CPU.ActiveCfg = Debug|Any CPU
		{AA908A61-4EDC-4FEA-B70C-EFCF62D6C932}.Debug|Any CPU.Build.0 = Debug|Any CPU
		{AA908A61-4EDC-4FEA-B70C-EFCF62D6C932}.Release|Any CPU.ActiveCfg = Release|Any CPU
		{AA908A61-4EDC-4FEA-B70C-EFCF62D6C932}.Release|Any CPU.Build.0 = Release|Any CPU
		{3428144A-10B9-4FB7-83E9-BE323A9D2679}.Debug|Any CPU.ActiveCfg = Debug|Any CPU
		{3428144A-10B9-4FB7-83E9-BE323A9D2679}.Debug|Any CPU.Build.0 = Debug|Any CPU
		{3428144A-10B9-4FB7-83E9-BE323A9D2679}.Release|Any CPU.ActiveCfg = Release|Any CPU
		{3428144A-10B9-4FB7-83E9-BE323A9D2679}.Release|Any CPU.Build.0 = Release|Any CPU
	EndGlobalSection
	GlobalSection(SolutionProperties) = preSolution
		HideSolutionNode = FALSE
	EndGlobalSection
	GlobalSection(ExtensibilityGlobals) = postSolution
		SolutionGuid = {AD59A594-0E86-4CE3-B3EC-B853A2A4E2E9}
	EndGlobalSection
EndGlobal
